
Microsoft Visual Studio Solution File, Format Version 12.00
# Visual Studio Version 17
VisualStudioVersion = 17.11.35312.102
MinimumVisualStudioVersion = 10.0.40219.1
Project("{8BC9CEB8-8B4A-11D0-8D11-00A0C91BC942}") = "projektzaliczeniowy", "projektzaliczeniowy\projektzaliczeniowy.vcxproj", "{98A6F824-14FC-4046-958B-A5FF83C5FD87}"
EndProject
Global
	GlobalSection(SolutionConfigurationPlatforms) = preSolution
		Debug|x64 = Debug|x64
		Debug|x86 = Debug|x86
		Release|x64 = Release|x64
		Release|x86 = Release|x86
	EndGlobalSection
	GlobalSection(ProjectConfigurationPlatforms) = postSolution
		{98A6F824-14FC-4046-958B-A5FF83C5FD87}.Debug|x64.ActiveCfg = Debug|x64
		{98A6F824-14FC-4046-958B-A5FF83C5FD87}.Debug|x64.Build.0 = Debug|x64
		{98A6F824-14FC-4046-958B-A5FF83C5FD87}.Debug|x86.ActiveCfg = Debug|Win32
		{98A6F824-14FC-4046-958B-A5FF83C5FD87}.Debug|x86.Build.0 = Debug|Win32
		{98A6F824-14FC-4046-958B-A5FF83C5FD87}.Release|x64.ActiveCfg = Release|x64
		{98A6F824-14FC-4046-958B-A5FF83C5FD87}.Release|x64.Build.0 = Release|x64
		{98A6F824-14FC-4046-958B-A5FF83C5FD87}.Release|x86.ActiveCfg = Release|Win32
		{98A6F824-14FC-4046-958B-A5FF83C5FD87}.Release|x86.Build.0 = Release|Win32
	EndGlobalSection
	GlobalSection(SolutionProperties) = preSolution
		HideSolutionNode = FALSE
	EndGlobalSection
	GlobalSection(ExtensibilityGlobals) = postSolution
		SolutionGuid = {F995967A-80D2-4137-B6B3-33423F92F315}
	EndGlobalSection
EndGlobal
